
Microsoft Visual Studio Solution File, Format Version 12.00
# Visual Studio Version 17
VisualStudioVersion = 17.5.33516.290
MinimumVisualStudioVersion = 10.0.40219.1
Project("{FAE04EC0-301F-11D3-BF4B-00C04F79EFBC}") = "Branch", "Branch\Branch.csproj", "{FD3D2748-970E-472D-9BE2-3B456FBEAC87}"
EndProject
Global
	GlobalSection(SolutionConfigurationPlatforms) = preSolution
		Debug|Any CPU = Debug|Any CPU
		Release|Any CPU = Release|Any CPU
	EndGlobalSection
	GlobalSection(ProjectConfigurationPlatforms) = postSolution
		{FD3D2748-970E-472D-9BE2-3B456FBEAC87}.Debug|Any CPU.ActiveCfg = Debug|Any CPU
		{FD3D2748-970E-472D-9BE2-3B456FBEAC87}.Debug|Any CPU.Build.0 = Debug|Any CPU
		{FD3D2748-970E-472D-9BE2-3B456FBEAC87}.Release|Any CPU.ActiveCfg = Release|Any CPU
		{FD3D2748-970E-472D-9BE2-3B456FBEAC87}.Release|Any CPU.Build.0 = Release|Any CPU
	EndGlobalSection
	GlobalSection(SolutionProperties) = preSolution
		HideSolutionNode = FALSE
	EndGlobalSection
	GlobalSection(ExtensibilityGlobals) = postSolution
		SolutionGuid = {1940A680-6AF7-423F-BC8E-F70AC26CBB7E}
	EndGlobalSection
EndGlobal
